Microsoft Visual Studio Solution File, Format Version 12.00
# Visual Studio 15
VisualStudioVersion = 15.0.27703.2047
MinimumVisualStudioVersion = 10.0.40219.1
Project("{8BC9CEB8-8B4A-11D0-8D11-00A0C91BC942}") = "Zed", "Zed\Zed.vcxproj", "{D3C0A3E3-54C5-447C-A6A6-407C5C8F57B0}"
EndProject
Project("{FAE04EC0-301F-11D3-BF4B-00C04F79EFBC}") = "ZedUI", "ZedUI\ZedUI.csproj", "{3EBD7B2A-F1A4-4F01-A909-E3F5CDD76AE9}"
EndProject
Project("{FAE04EC0-301F-11D3-BF4B-00C04F79EFBC}") = "Camera.Web", "Camera.Web\Camera.Web.csproj", "{6390C51C-3778-45C1-8291-2E51A28E9B48}"
EndProject
Project("{FAE04EC0-301F-11D3-BF4B-00C04F79EFBC}") = "Camera.Zed", "Camera.Zed\Camera.Zed.csproj", "{3E91878C-3832-44A9-9F4E-05ADF0A3C0AA}"
EndProject
Global
	GlobalSection(SolutionConfigurationPlatforms) = preSolution
		Debug|Any CPU = Debug|Any CPU
		Debug|x64 = Debug|x64
		Debug|x86 = Debug|x86
		MinSizeRel|Any CPU = MinSizeRel|Any CPU
		MinSizeRel|x64 = MinSizeRel|x64
		MinSizeRel|x86 = MinSizeRel|x86
		Release|Any CPU = Release|Any CPU
		Release|x64 = Release|x64
		Release|x86 = Release|x86
		RelWithDebInfo|Any CPU = RelWithDebInfo|Any CPU
		RelWithDebInfo|x64 = RelWithDebInfo|x64
		RelWithDebInfo|x86 = RelWithDebInfo|x86
		ZedExec|Any CPU = ZedExec|Any CPU
		ZedExec|x64 = ZedExec|x64
		ZedExec|x86 = ZedExec|x86
	EndGlobalSection
	GlobalSection(ProjectConfigurationPlatforms) = postSolution
		{D3C0A3E3-54C5-447C-A6A6-407C5C8F57B0}.Debug|Any CPU.ActiveCfg = Debug|x64
		{D3C0A3E3-54C5-447C-A6A6-407C5C8F57B0}.Debug|Any CPU.Build.0 = Debug|x64
		{D3C0A3E3-54C5-447C-A6A6-407C5C8F57B0}.Debug|x64.ActiveCfg = Debug|x64
		{D3C0A3E3-54C5-447C-A6A6-407C5C8F57B0}.Debug|x64.Build.0 = Debug|x64
		{D3C0A3E3-54C5-447C-A6A6-407C5C8F57B0}.Debug|x86.ActiveCfg = Debug|Win32
		{D3C0A3E3-54C5-447C-A6A6-407C5C8F57B0}.Debug|x86.Build.0 = Debug|Win32
		{D3C0A3E3-54C5-447C-A6A6-407C5C8F57B0}.MinSizeRel|Any CPU.ActiveCfg = Release|x64
		{D3C0A3E3-54C5-447C-A6A6-407C5C8F57B0}.MinSizeRel|Any CPU.Build.0 = Release|x64
		{D3C0A3E3-54C5-447C-A6A6-407C5C8F57B0}.MinSizeRel|x64.ActiveCfg = Release|x64
		{D3C0A3E3-54C5-447C-A6A6-407C5C8F57B0}.MinSizeRel|x64.Build.0 = Release|x64
		{D3C0A3E3-54C5-447C-A6A6-407C5C8F57B0}.MinSizeRel|x86.ActiveCfg = Release|Win32
		{D3C0A3E3-54C5-447C-A6A6-407C5C8F57B0}.MinSizeRel|x86.Build.0 = Release|Win32
		{D3C0A3E3-54C5-447C-A6A6-407C5C8F57B0}.Release|Any CPU.ActiveCfg = Release|Win32
		{D3C0A3E3-54C5-447C-A6A6-407C5C8F57B0}.Release|x64.ActiveCfg = Release|x64
		{D3C0A3E3-54C5-447C-A6A6-407C5C8F57B0}.Release|x64.Build.0 = Release|x64
		{D3C0A3E3-54C5-447C-A6A6-407C5C8F57B0}.Release|x86.ActiveCfg = Release|Win32
		{D3C0A3E3-54C5-447C-A6A6-407C5C8F57B0}.Release|x86.Build.0 = Release|Win32
		{D3C0A3E3-54C5-447C-A6A6-407C5C8F57B0}.RelWithDebInfo|Any CPU.ActiveCfg = Release|x64
		{D3C0A3E3-54C5-447C-A6A6-407C5C8F57B0}.RelWithDebInfo|Any CPU.Build.0 = Release|x64
		{D3C0A3E3-54C5-447C-A6A6-407C5C8F57B0}.RelWithDebInfo|x64.ActiveCfg = Release|x64
		{D3C0A3E3-54C5-447C-A6A6-407C5C8F57B0}.RelWithDebInfo|x64.Build.0 = Release|x64
		{D3C0A3E3-54C5-447C-A6A6-407C5C8F57B0}.RelWithDebInfo|x86.ActiveCfg = Release|Win32
		{D3C0A3E3-54C5-447C-A6A6-407C5C8F57B0}.RelWithDebInfo|x86.Build.0 = Release|Win32
		{D3C0A3E3-54C5-447C-A6A6-407C5C8F57B0}.ZedExec|Any CPU.ActiveCfg = Release|Win32
		{D3C0A3E3-54C5-447C-A6A6-407C5C8F57B0}.ZedExec|Any CPU.Build.0 = Release|Win32
		{D3C0A3E3-54C5-447C-A6A6-407C5C8F57B0}.ZedExec|x64.ActiveCfg = Release|x64
		{D3C0A3E3-54C5-447C-A6A6-407C5C8F57B0}.ZedExec|x64.Build.0 = Release|x64
		{D3C0A3E3-54C5-447C-A6A6-407C5C8F57B0}.ZedExec|x86.ActiveCfg = Release|Win32
		{D3C0A3E3-54C5-447C-A6A6-407C5C8F57B0}.ZedExec|x86.Build.0 = Release|Win32
		{3EBD7B2A-F1A4-4F01-A909-E3F5CDD76AE9}.Debug|Any CPU.ActiveCfg = Debug|Any CPU
		{3EBD7B2A-F1A4-4F01-A909-E3F5CDD76AE9}.Debug|Any CPU.Build.0 = Debug|Any CPU
		{3EBD7B2A-F1A4-4F01-A909-E3F5CDD76AE9}.Debug|x64.ActiveCfg = Debug|Any CPU
		{3EBD7B2A-F1A4-4F01-A909-E3F5CDD76AE9}.Debug|x64.Build.0 = Debug|Any CPU
		{3EBD7B2A-F1A4-4F01-A909-E3F5CDD76AE9}.Debug|x86.ActiveCfg = Debug|Any CPU
		{3EBD7B2A-F1A4-4F01-A909-E3F5CDD76AE9}.Debug|x86.Build.0 = Debug|Any CPU
		{3EBD7B2A-F1A4-4F01-A909-E3F5CDD76AE9}.MinSizeRel|Any CPU.ActiveCfg = Release|Any CPU
		{3EBD7B2A-F1A4-4F01-A909-E3F5CDD76AE9}.MinSizeRel|Any CPU.Build.0 = Release|Any CPU
		{3EBD7B2A-F1A4-4F01-A909-E3F5CDD76AE9}.MinSizeRel|x64.ActiveCfg = Release|Any CPU
		{3EBD7B2A-F1A4-4F01-A909-E3F5CDD76AE9}.MinSizeRel|x64.Build.0 = Release|Any CPU
		{3EBD7B2A-F1A4-4F01-A909-E3F5CDD76AE9}.MinSizeRel|x86.ActiveCfg = Release|Any CPU
		{3EBD7B2A-F1A4-4F01-A909-E3F5CDD76AE9}.MinSizeRel|x86.Build.0 = Release|Any CPU
		{3EBD7B2A-F1A4-4F01-A909-E3F5CDD76AE9}.Release|Any CPU.ActiveCfg = Release|Any CPU
		{3EBD7B2A-F1A4-4F01-A909-E3F5CDD76AE9}.Release|Any CPU.Build.0 = Release|Any CPU
		{3EBD7B2A-F1A4-4F01-A909-E3F5CDD76AE9}.Release|x64.ActiveCfg = Release|Any CPU
		{3EBD7B2A-F1A4-4F01-A909-E3F5CDD76AE9}.Release|x64.Build.0 = Release|Any CPU
		{3EBD7B2A-F1A4-4F01-A909-E3F5CDD76AE9}.Release|x86.ActiveCfg = Release|Any CPU
		{3EBD7B2A-F1A4-4F01-A909-E3F5CDD76AE9}.Release|x86.Build.0 = Release|Any CPU
		{3EBD7B2A-F1A4-4F01-A909-E3F5CDD76AE9}.RelWithDebInfo|Any CPU.ActiveCfg = Release|Any CPU
		{3EBD7B2A-F1A4-4F01-A909-E3F5CDD76AE9}.RelWithDebInfo|Any CPU.Build.0 = Release|Any CPU
		{3EBD7B2A-F1A4-4F01-A909-E3F5CDD76AE9}.RelWithDebInfo|x64.ActiveCfg = Release|Any CPU
		{3EBD7B2A-F1A4-4F01-A909-E3F5CDD76AE9}.RelWithDebInfo|x64.Build.0 = Release|Any CPU
		{3EBD7B2A-F1A4-4F01-A909-E3F5CDD76AE9}.RelWithDebInfo|x86.ActiveCfg = Release|Any CPU
		{3EBD7B2A-F1A4-4F01-A909-E3F5CDD76AE9}.RelWithDebInfo|x86.Build.0 = Release|Any CPU
		{3EBD7B2A-F1A4-4F01-A909-E3F5CDD76AE9}.ZedExec|Any CPU.ActiveCfg = ZedExec|Any CPU
		{3EBD7B2A-F1A4-4F01-A909-E3F5CDD76AE9}.ZedExec|Any CPU.Build.0 = ZedExec|Any CPU
		{3EBD7B2A-F1A4-4F01-A909-E3F5CDD76AE9}.ZedExec|x64.ActiveCfg = ZedExec|Any CPU
		{3EBD7B2A-F1A4-4F01-A909-E3F5CDD76AE9}.ZedExec|x64.Build.0 = ZedExec|Any CPU
		{3EBD7B2A-F1A4-4F01-A909-E3F5CDD76AE9}.ZedExec|x86.ActiveCfg = ZedExec|Any CPU
		{3EBD7B2A-F1A4-4F01-A909-E3F5CDD76AE9}.ZedExec|x86.Build.0 = ZedExec|Any CPU
		{6390C51C-3778-45C1-8291-2E51A28E9B48}.Debug|Any CPU.ActiveCfg = Debug|Any CPU
		{6390C51C-3778-45C1-8291-2E51A28E9B48}.Debug|Any CPU.Build.0 = Debug|Any CPU
		{6390C51C-3778-45C1-8291-2E51A28E9B48}.Debug|x64.ActiveCfg = Debug|Any CPU
		{6390C51C-3778-45C1-8291-2E51A28E9B48}.Debug|x64.Build.0 = Debug|Any CPU
		{6390C51C-3778-45C1-8291-2E51A28E9B48}.Debug|x86.ActiveCfg = Debug|Any CPU
		{6390C51C-3778-45C1-8291-2E51A28E9B48}.Debug|x86.Build.0 = Debug|Any CPU
		{6390C51C-3778-45C1-8291-2E51A28E9B48}.MinSizeRel|Any CPU.ActiveCfg = Release|Any CPU
		{6390C51C-3778-45C1-8291-2E51A28E9B48}.MinSizeRel|Any CPU.Build.0 = Release|Any CPU
		{6390C51C-3778-45C1-8291-2E51A28E9B48}.MinSizeRel|x64.ActiveCfg = Release|Any CPU
		{6390C51C-3778-45C1-8291-2E51A28E9B48}.MinSizeRel|x64.Build.0 = Release|Any CPU
		{6390C51C-3778-45C1-8291-2E51A28E9B48}.MinSizeRel|x86.ActiveCfg = Release|Any CPU
		{6390C51C-3778-45C1-8291-2E51A28E9B48}.MinSizeRel|x86.Build.0 = Release|Any CPU
		{6390C51C-3778-45C1-8291-2E51A28E9B48}.Release|Any CPU.ActiveCfg = Release|Any CPU
		{6390C51C-3778-45C1-8291-2E51A28E9B48}.Release|Any CPU.Build.0 = Release|Any CPU
		{6390C51C-3778-45C1-8291-2E51A28E9B48}.Release|x64.ActiveCfg = Release|Any CPU
		{6390C51C-3778-45C1-8291-2E51A28E9B48}.Release|x64.Build.0 = Release|Any CPU
		{6390C51C-3778-45C1-8291-2E51A28E9B48}.Release|x86.ActiveCfg = Release|Any CPU
		{6390C51C-3778-45C1-8291-2E51A28E9B48}.Release|x86.Build.0 = Release|Any CPU
		{6390C51C-3778-45C1-8291-2E51A28E9B48}.RelWithDebInfo|Any CPU.ActiveCfg = Release|Any CPU
		{6390C51C-3778-45C1-8291-2E51A28E9B48}.RelWithDebInfo|Any CPU.Build.0 = Release|Any CPU
		{6390C51C-3778-45C1-8291-2E51A28E9B48}.RelWithDebInfo|x64.ActiveCfg = Release|Any CPU
		{6390C51C-3778-45C1-8291-2E51A28E9B48}.RelWithDebInfo|x64.Build.0 = Release|Any CPU
		{6390C51C-3778-45C1-8291-2E51A28E9B48}.RelWithDebInfo|x86.ActiveCfg = Release|Any CPU
		{6390C51C-3778-45C1-8291-2E51A28E9B48}.RelWithDebInfo|x86.Build.0 = Release|Any CPU
		{6390C51C-3778-45C1-8291-2E51A28E9B48}.ZedExec|Any CPU.ActiveCfg = Release|Any CPU
		{6390C51C-3778-45C1-8291-2E51A28E9B48}.ZedExec|Any CPU.Build.0 = Release|Any CPU
		{6390C51C-3778-45C1-8291-2E51A28E9B48}.ZedExec|x64.ActiveCfg = Release|Any CPU
		{6390C51C-3778-45C1-8291-2E51A28E9B48}.ZedExec|x64.Build.0 = Release|Any CPU
		{6390C51C-3778-45C1-8291-2E51A28E9B48}.ZedExec|x86.ActiveCfg = Release|Any CPU
		{6390C51C-3778-45C1-8291-2E51A28E9B48}.ZedExec|x86.Build.0 = Release|Any CPU
		{3E91878C-3832-44A9-9F4E-05ADF0A3C0AA}.Debug|Any CPU.ActiveCfg = Debug|Any CPU
		{3E91878C-3832-44A9-9F4E-05ADF0A3C0AA}.Debug|Any CPU.Build.0 = Debug|Any CPU
		{3E91878C-3832-44A9-9F4E-05ADF0A3C0AA}.Debug|x64.ActiveCfg = Debug|Any CPU
		{3E91878C-3832-44A9-9F4E-05ADF0A3C0AA}.Debug|x64.Build.0 = Debug|Any CPU
		{3E91878C-3832-44A9-9F4E-05ADF0A3C0AA}.Debug|x86.ActiveCfg = Debug|Any CPU
		{3E91878C-3832-44A9-9F4E-05ADF0A3C0AA}.Debug|x86.Build.0 = Debug|Any CPU
		{3E91878C-3832-44A9-9F4E-05ADF0A3C0AA}.MinSizeRel|Any CPU.ActiveCfg = Release|Any CPU
		{3E91878C-3832-44A9-9F4E-05ADF0A3C0AA}.MinSizeRel|Any CPU.Build.0 = Release|Any CPU
		{3E91878C-3832-44A9-9F4E-05ADF0A3C0AA}.MinSizeRel|x64.ActiveCfg = Release|Any CPU
		{3E91878C-3832-44A9-9F4E-05ADF0A3C0AA}.MinSizeRel|x64.Build.0 = Release|Any CPU
		{3E91878C-3832-44A9-9F4E-05ADF0A3C0AA}.MinSizeRel|x86.ActiveCfg = Release|Any CPU
		{3E91878C-3832-44A9-9F4E-05ADF0A3C0AA}.MinSizeRel|x86.Build.0 = Release|Any CPU
		{3E91878C-3832-44A9-9F4E-05ADF0A3C0AA}.Release|Any CPU.ActiveCfg = Release|Any CPU
		{3E91878C-3832-44A9-9F4E-05ADF0A3C0AA}.Release|Any CPU.Build.0 = Release|Any CPU
		{3E91878C-3832-44A9-9F4E-05ADF0A3C0AA}.Release|x64.ActiveCfg = Release|Any CPU
		{3E91878C-3832-44A9-9F4E-05ADF0A3C0AA}.Release|x64.Build.0 = Release|Any CPU
		{3E91878C-3832-44A9-9F4E-05ADF0A3C0AA}.Release|x86.ActiveCfg = Release|Any CPU
		{3E91878C-3832-44A9-9F4E-05ADF0A3C0AA}.Release|x86.Build.0 = Release|Any CPU
		{3E91878C-3832-44A9-9F4E-05ADF0A3C0AA}.RelWithDebInfo|Any CPU.ActiveCfg = Release|Any CPU
		{3E91878C-3832-44A9-9F4E-05ADF0A3C0AA}.RelWithDebInfo|Any CPU.Build.0 = Release|Any CPU
		{3E91878C-3832-44A9-9F4E-05ADF0A3C0AA}.RelWithDebInfo|x64.ActiveCfg = Release|Any CPU
		{3E91878C-3832-44A9-9F4E-05ADF0A3C0AA}.RelWithDebInfo|x64.Build.0 = Release|Any CPU
		{3E91878C-3832-44A9-9F4E-05ADF0A3C0AA}.RelWithDebInfo|x86.ActiveCfg = Release|Any CPU
		{3E91878C-3832-44A9-9F4E-05ADF0A3C0AA}.RelWithDebInfo|x86.Build.0 = Release|Any CPU
		{3E91878C-3832-44A9-9F4E-05ADF0A3C0AA}.ZedExec|Any CPU.ActiveCfg = Release|Any CPU
		{3E91878C-3832-44A9-9F4E-05ADF0A3C0AA}.ZedExec|Any CPU.Build.0 = Release|Any CPU
		{3E91878C-3832-44A9-9F4E-05ADF0A3C0AA}.ZedExec|x64.ActiveCfg = Release|Any CPU
		{3E91878C-3832-44A9-9F4E-05ADF0A3C0AA}.ZedExec|x64.Build.0 = Release|Any CPU
		{3E91878C-3832-44A9-9F4E-05ADF0A3C0AA}.ZedExec|x86.ActiveCfg = Release|Any CPU
		{3E91878C-3832-44A9-9F4E-05ADF0A3C0AA}.ZedExec|x86.Build.0 = Release|Any CPU
	EndGlobalSection
	GlobalSection(SolutionProperties) = preSolution
		HideSolutionNode = FALSE
	EndGlobalSection
	GlobalSection(ExtensibilityGlobals) = postSolution
		SolutionGuid = {C8D8BE85-06F5-3AC6-91F1-5D159FB0D1D5}
	EndGlobalSection
EndGlobal
